
Microsoft Visual Studio Solution File, Format Version 12.00
# Visual Studio Version 17
VisualStudioVersion = 17.3.32825.248
MinimumVisualStudioVersion = 10.0.40219.1
Project("{FAE04EC0-301F-11D3-BF4B-00C04F79EFBC}") = "project_dog", "project_dog\project_dog.csproj", "{0CC0515F-F659-4DBE-B9C2-38BD336956F8}"
EndProject
Global
	GlobalSection(SolutionConfigurationPlatforms) = preSolution
		Debug|Any CPU = Debug|Any CPU
		Release|Any CPU = Release|Any CPU
	EndGlobalSection
	GlobalSection(ProjectConfigurationPlatforms) = postSolution
		{0CC0515F-F659-4DBE-B9C2-38BD336956F8}.Debug|Any CPU.ActiveCfg = Debug|Any CPU
		{0CC0515F-F659-4DBE-B9C2-38BD336956F8}.Debug|Any CPU.Build.0 = Debug|Any CPU
		{0CC0515F-F659-4DBE-B9C2-38BD336956F8}.Release|Any CPU.ActiveCfg = Release|Any CPU
		{0CC0515F-F659-4DBE-B9C2-38BD336956F8}.Release|Any CPU.Build.0 = Release|Any CPU
	EndGlobalSection
	GlobalSection(SolutionProperties) = preSolution
		HideSolutionNode = FALSE
	EndGlobalSection
	GlobalSection(ExtensibilityGlobals) = postSolution
		SolutionGuid = {4A96CE0E-16F3-4516-943B-831033B8BCDB}
	EndGlobalSection
EndGlobal
